
Microsoft Visual Studio Solution File, Format Version 12.00
# Visual Studio 15
VisualStudioVersion = 15.0.26124.0
MinimumVisualStudioVersion = 15.0.26124.0
Project("{FAE04EC0-301F-11D3-BF4B-00C04F79EFBC}") = "MyMath", "MyMath\MyMath.csproj", "{D7034F16-88D1-425C-84EB-E5EA52E46BD3}"
EndProject
Project("{FAE04EC0-301F-11D3-BF4B-00C04F79EFBC}") = "MyMath.Tests", "MyMath.Tests\MyMath.Tests.csproj", "{A420349C-2389-4633-9647-DE2CD8EF04E2}"
EndProject
Global
	GlobalSection(SolutionConfigurationPlatforms) = preSolution
		Debug|Any CPU = Debug|Any CPU
		Debug|x64 = Debug|x64
		Debug|x86 = Debug|x86
		Release|Any CPU = Release|Any CPU
		Release|x64 = Release|x64
		Release|x86 = Release|x86
	EndGlobalSection
	GlobalSection(SolutionProperties) = preSolution
		HideSolutionNode = FALSE
	EndGlobalSection
	GlobalSection(ProjectConfigurationPlatforms) = postSolution
		{D7034F16-88D1-425C-84EB-E5EA52E46BD3}.Debug|Any CPU.ActiveCfg = Debug|Any CPU
		{D7034F16-88D1-425C-84EB-E5EA52E46BD3}.Debug|Any CPU.Build.0 = Debug|Any CPU
		{D7034F16-88D1-425C-84EB-E5EA52E46BD3}.Debug|x64.ActiveCfg = Debug|Any CPU
		{D7034F16-88D1-425C-84EB-E5EA52E46BD3}.Debug|x64.Build.0 = Debug|Any CPU
		{D7034F16-88D1-425C-84EB-E5EA52E46BD3}.Debug|x86.ActiveCfg = Debug|Any CPU
		{D7034F16-88D1-425C-84EB-E5EA52E46BD3}.Debug|x86.Build.0 = Debug|Any CPU
		{D7034F16-88D1-425C-84EB-E5EA52E46BD3}.Release|Any CPU.ActiveCfg = Release|Any CPU
		{D7034F16-88D1-425C-84EB-E5EA52E46BD3}.Release|Any CPU.Build.0 = Release|Any CPU
		{D7034F16-88D1-425C-84EB-E5EA52E46BD3}.Release|x64.ActiveCfg = Release|Any CPU
		{D7034F16-88D1-425C-84EB-E5EA52E46BD3}.Release|x64.Build.0 = Release|Any CPU
		{D7034F16-88D1-425C-84EB-E5EA52E46BD3}.Release|x86.ActiveCfg = Release|Any CPU
		{D7034F16-88D1-425C-84EB-E5EA52E46BD3}.Release|x86.Build.0 = Release|Any CPU
		{A420349C-2389-4633-9647-DE2CD8EF04E2}.Debug|Any CPU.ActiveCfg = Debug|Any CPU
		{A420349C-2389-4633-9647-DE2CD8EF04E2}.Debug|Any CPU.Build.0 = Debug|Any CPU
		{A420349C-2389-4633-9647-DE2CD8EF04E2}.Debug|x64.ActiveCfg = Debug|Any CPU
		{A420349C-2389-4633-9647-DE2CD8EF04E2}.Debug|x64.Build.0 = Debug|Any CPU
		{A420349C-2389-4633-9647-DE2CD8EF04E2}.Debug|x86.ActiveCfg = Debug|Any CPU
		{A420349C-2389-4633-9647-DE2CD8EF04E2}.Debug|x86.Build.0 = Debug|Any CPU
		{A420349C-2389-4633-9647-DE2CD8EF04E2}.Release|Any CPU.ActiveCfg = Release|Any CPU
		{A420349C-2389-4633-9647-DE2CD8EF04E2}.Release|Any CPU.Build.0 = Release|Any CPU
		{A420349C-2389-4633-9647-DE2CD8EF04E2}.Release|x64.ActiveCfg = Release|Any CPU
		{A420349C-2389-4633-9647-DE2CD8EF04E2}.Release|x64.Build.0 = Release|Any CPU
		{A420349C-2389-4633-9647-DE2CD8EF04E2}.Release|x86.ActiveCfg = Release|Any CPU
		{A420349C-2389-4633-9647-DE2CD8EF04E2}.Release|x86.Build.0 = Release|Any CPU
	EndGlobalSection
EndGlobal
